
Microsoft Visual Studio Solution File, Format Version 12.00
# Visual Studio Version 17
VisualStudioVersion = 17.10.34928.147
MinimumVisualStudioVersion = 10.0.40219.1
Project("{9A19103F-16F7-4668-BE54-9A1E7A4F7556}") = "FileNameOrganizer", "FileNameOrganizer\FileNameOrganizer.csproj", "{0BFA06FF-6AA5-4998-AE03-1DDE1DACA98E}"
EndProject
Project("{2150E333-8FDC-42A3-9474-1A3956D46DE8}") = "Solution Items", "Solution Items", "{681910DE-1FB7-4C9C-970D-B74333364A96}"
	ProjectSection(SolutionItems) = preProject
		AboutForm.cs = AboutForm.cs
		..\..\..\Downloads\flames.ico = ..\..\..\Downloads\flames.ico
	EndProjectSection
EndProject
Global
	GlobalSection(SolutionConfigurationPlatforms) = preSolution
		Debug|Any CPU = Debug|Any CPU
		Release|Any CPU = Release|Any CPU
	EndGlobalSection
	GlobalSection(ProjectConfigurationPlatforms) = postSolution
		{0BFA06FF-6AA5-4998-AE03-1DDE1DACA98E}.Debug|Any CPU.ActiveCfg = Debug|Any CPU
		{0BFA06FF-6AA5-4998-AE03-1DDE1DACA98E}.Debug|Any CPU.Build.0 = Debug|Any CPU
		{0BFA06FF-6AA5-4998-AE03-1DDE1DACA98E}.Release|Any CPU.ActiveCfg = Release|Any CPU
		{0BFA06FF-6AA5-4998-AE03-1DDE1DACA98E}.Release|Any CPU.Build.0 = Release|Any CPU
	EndGlobalSection
	GlobalSection(SolutionProperties) = preSolution
		HideSolutionNode = FALSE
	EndGlobalSection
	GlobalSection(ExtensibilityGlobals) = postSolution
		SolutionGuid = {50273DB9-1A89-48F4-A6DE-D1C11F356BBC}
	EndGlobalSection
EndGlobal
